
Microsoft Visual Studio Solution File, Format Version 12.00
# Visual Studio Version 17
VisualStudioVersion = 17.4.32916.344
MinimumVisualStudioVersion = 10.0.40219.1
Project("{FAE04EC0-301F-11D3-BF4B-00C04F79EFBC}") = "cl2-dsw1-negocios2022", "cl2-dsw1-negocios2022\cl2-dsw1-negocios2022.csproj", "{DCB9DDC1-819B-49B6-8070-5DED1CBBF6AF}"
EndProject
Global
	GlobalSection(SolutionConfigurationPlatforms) = preSolution
		Debug|Any CPU = Debug|Any CPU
		Release|Any CPU = Release|Any CPU
	EndGlobalSection
	GlobalSection(ProjectConfigurationPlatforms) = postSolution
		{DCB9DDC1-819B-49B6-8070-5DED1CBBF6AF}.Debug|Any CPU.ActiveCfg = Debug|Any CPU
		{DCB9DDC1-819B-49B6-8070-5DED1CBBF6AF}.Debug|Any CPU.Build.0 = Debug|Any CPU
		{DCB9DDC1-819B-49B6-8070-5DED1CBBF6AF}.Release|Any CPU.ActiveCfg = Release|Any CPU
		{DCB9DDC1-819B-49B6-8070-5DED1CBBF6AF}.Release|Any CPU.Build.0 = Release|Any CPU
	EndGlobalSection
	GlobalSection(SolutionProperties) = preSolution
		HideSolutionNode = FALSE
	EndGlobalSection
	GlobalSection(ExtensibilityGlobals) = postSolution
		SolutionGuid = {A91406ED-9E8D-4F93-B9D1-C0F77295A4FB}
	EndGlobalSection
EndGlobal
